
Microsoft Visual Studio Solution File, Format Version 12.00
# Visual Studio Version 17
VisualStudioVersion = 17.5.33627.172
MinimumVisualStudioVersion = 10.0.40219.1
Project("{9A19103F-16F7-4668-BE54-9A1E7A4F7556}") = "UtilGenerator", "UtilGenerator.csproj", "{2222AA9C-DB57-4B25-A136-73D8F4B4315C}"
EndProject
Global
	GlobalSection(SolutionConfigurationPlatforms) = preSolution
		Debug|Any CPU = Debug|Any CPU
		Release|Any CPU = Release|Any CPU
	EndGlobalSection
	GlobalSection(ProjectConfigurationPlatforms) = postSolution
		{2222AA9C-DB57-4B25-A136-73D8F4B4315C}.Debug|Any CPU.ActiveCfg = Debug|Any CPU
		{2222AA9C-DB57-4B25-A136-73D8F4B4315C}.Debug|Any CPU.Build.0 = Debug|Any CPU
		{2222AA9C-DB57-4B25-A136-73D8F4B4315C}.Release|Any CPU.ActiveCfg = Release|Any CPU
		{2222AA9C-DB57-4B25-A136-73D8F4B4315C}.Release|Any CPU.Build.0 = Release|Any CPU
	EndGlobalSection
	GlobalSection(SolutionProperties) = preSolution
		HideSolutionNode = FALSE
	EndGlobalSection
	GlobalSection(ExtensibilityGlobals) = postSolution
		SolutionGuid = {2E3EAF29-C9DB-459A-97DE-552502CCB278}
	EndGlobalSection
EndGlobal
